
Microsoft Visual Studio Solution File, Format Version 12.00
# Visual Studio Version 17
VisualStudioVersion = 17.5.33516.290
MinimumVisualStudioVersion = 10.0.40219.1
Project("{8BC9CEB8-8B4A-11D0-8D11-00A0C91BC942}") = "Windows Process Analysis and Dumping", "Windows Process Analysis and Dumping.vcxproj", "{ACB00D9B-4BD4-4799-930C-6213DCBACD54}"
EndProject
Global
	GlobalSection(SolutionConfigurationPlatforms) = preSolution
		Debug|x64 = Debug|x64
		Debug|x86 = Debug|x86
		Release|x64 = Release|x64
		Release|x86 = Release|x86
	EndGlobalSection
	GlobalSection(ProjectConfigurationPlatforms) = postSolution
		{ACB00D9B-4BD4-4799-930C-6213DCBACD54}.Debug|x64.ActiveCfg = Debug|x64
		{ACB00D9B-4BD4-4799-930C-6213DCBACD54}.Debug|x64.Build.0 = Debug|x64
		{ACB00D9B-4BD4-4799-930C-6213DCBACD54}.Debug|x86.ActiveCfg = Debug|Win32
		{ACB00D9B-4BD4-4799-930C-6213DCBACD54}.Debug|x86.Build.0 = Debug|Win32
		{ACB00D9B-4BD4-4799-930C-6213DCBACD54}.Release|x64.ActiveCfg = Release|x64
		{ACB00D9B-4BD4-4799-930C-6213DCBACD54}.Release|x64.Build.0 = Release|x64
		{ACB00D9B-4BD4-4799-930C-6213DCBACD54}.Release|x86.ActiveCfg = Release|Win32
		{ACB00D9B-4BD4-4799-930C-6213DCBACD54}.Release|x86.Build.0 = Release|Win32
	EndGlobalSection
	GlobalSection(SolutionProperties) = preSolution
		HideSolutionNode = FALSE
	EndGlobalSection
	GlobalSection(ExtensibilityGlobals) = postSolution
		SolutionGuid = {2F4BF64B-45A9-4A9D-A51A-C0117701313B}
	EndGlobalSection
EndGlobal
